
Microsoft Visual Studio Solution File, Format Version 12.00
# Visual Studio Version 16
VisualStudioVersion = 16.0.30503.244
MinimumVisualStudioVersion = 10.0.40219.1
Project("{FAE04EC0-301F-11D3-BF4B-00C04F79EFBC}") = "Pm3dTools", "Pm3dTools\Pm3dTools.csproj", "{BC14EE54-5122-4FF9-A872-B4132C21BFA9}"
EndProject
Global
	GlobalSection(SolutionConfigurationPlatforms) = preSolution
		Debug|Any CPU = Debug|Any CPU
		Release|Any CPU = Release|Any CPU
	EndGlobalSection
	GlobalSection(ProjectConfigurationPlatforms) = postSolution
		{BC14EE54-5122-4FF9-A872-B4132C21BFA9}.Debug|Any CPU.ActiveCfg = Debug|Any CPU
		{BC14EE54-5122-4FF9-A872-B4132C21BFA9}.Debug|Any CPU.Build.0 = Debug|Any CPU
		{BC14EE54-5122-4FF9-A872-B4132C21BFA9}.Release|Any CPU.ActiveCfg = Release|Any CPU
		{BC14EE54-5122-4FF9-A872-B4132C21BFA9}.Release|Any CPU.Build.0 = Release|Any CPU
	EndGlobalSection
	GlobalSection(SolutionProperties) = preSolution
		HideSolutionNode = FALSE
	EndGlobalSection
	GlobalSection(ExtensibilityGlobals) = postSolution
		SolutionGuid = {4B55B9B5-C28F-484E-9070-92EDF7935342}
	EndGlobalSection
EndGlobal
